
Microsoft Visual Studio Solution File, Format Version 12.00
# Visual Studio Version 16
VisualStudioVersion = 16.0.32901.82
MinimumVisualStudioVersion = 10.0.40219.1
Project("{9A19103F-16F7-4668-BE54-9A1E7A4F7556}") = "Template", "Template\Template.csproj", "{27F6D4CC-DDB5-4FF7-887A-C523098D674D}"
EndProject
Project("{2150E333-8FDC-42A3-9474-1A3956D46DE8}") = "1-Web", "1-Web", "{E4D737BA-B105-417B-BBAB-08AE24C33E90}"
EndProject
Project("{2150E333-8FDC-42A3-9474-1A3956D46DE8}") = "2-Application", "2-Application", "{FDBCB606-CD7E-4990-B7F1-C761150844D2}"
EndProject
Project("{2150E333-8FDC-42A3-9474-1A3956D46DE8}") = "3-Domain", "3-Domain", "{CCB6D94B-910E-4B5D-8A0E-B7D48E8B58A6}"
EndProject
Project("{2150E333-8FDC-42A3-9474-1A3956D46DE8}") = "4-Infra", "4-Infra", "{5ED7201B-027D-4488-B9A4-CDA5C25FA452}"
EndProject
Project("{9A19103F-16F7-4668-BE54-9A1E7A4F7556}") = "Template.Application", "Template.Application\Template.Application.csproj", "{5A35A328-4BA5-4F78-AE9C-4F8F493DB35D}"
EndProject
Project("{9A19103F-16F7-4668-BE54-9A1E7A4F7556}") = "Template.Domain", "Template.Domain\Template.Domain.csproj", "{2FD2A845-259F-42D6-A74B-6F3BE32F32EB}"
EndProject
Project("{2150E333-8FDC-42A3-9474-1A3956D46DE8}") = "4.1 Data", "4.1 Data", "{4EF040B0-AD58-4353-AEB9-47E7D6865F57}"
EndProject
Project("{9A19103F-16F7-4668-BE54-9A1E7A4F7556}") = "Template.Data", "Template.Data\Template.Data.csproj", "{D3B7CC19-B016-4268-9B12-AF5389775C5B}"
EndProject
Project("{2150E333-8FDC-42A3-9474-1A3956D46DE8}") = "4.2-CrossCutting", "4.2-CrossCutting", "{E95E896B-2AA2-48B8-8038-C64E1F0D800E}"
EndProject
Project("{FAE04EC0-301F-11D3-BF4B-00C04F79EFBC}") = "Template.IoC", "Template.IoC\Template.IoC.csproj", "{9314A317-5F2E-411C-A39B-27ABF355597A}"
EndProject
Project("{FAE04EC0-301F-11D3-BF4B-00C04F79EFBC}") = "Template.Swagger", "Template.Swagger\Template.Swagger.csproj", "{809AC9BF-003F-4E69-8DE9-E92D45617F13}"
EndProject
Global
	GlobalSection(SolutionConfigurationPlatforms) = preSolution
		Debug|Any CPU = Debug|Any CPU
		Release|Any CPU = Release|Any CPU
	EndGlobalSection
	GlobalSection(ProjectConfigurationPlatforms) = postSolution
		{27F6D4CC-DDB5-4FF7-887A-C523098D674D}.Debug|Any CPU.ActiveCfg = Debug|Any CPU
		{27F6D4CC-DDB5-4FF7-887A-C523098D674D}.Debug|Any CPU.Build.0 = Debug|Any CPU
		{27F6D4CC-DDB5-4FF7-887A-C523098D674D}.Release|Any CPU.ActiveCfg = Release|Any CPU
		{27F6D4CC-DDB5-4FF7-887A-C523098D674D}.Release|Any CPU.Build.0 = Release|Any CPU
		{5A35A328-4BA5-4F78-AE9C-4F8F493DB35D}.Debug|Any CPU.ActiveCfg = Debug|Any CPU
		{5A35A328-4BA5-4F78-AE9C-4F8F493DB35D}.Debug|Any CPU.Build.0 = Debug|Any CPU
		{5A35A328-4BA5-4F78-AE9C-4F8F493DB35D}.Release|Any CPU.ActiveCfg = Release|Any CPU
		{5A35A328-4BA5-4F78-AE9C-4F8F493DB35D}.Release|Any CPU.Build.0 = Release|Any CPU
		{2FD2A845-259F-42D6-A74B-6F3BE32F32EB}.Debug|Any CPU.ActiveCfg = Debug|Any CPU
		{2FD2A845-259F-42D6-A74B-6F3BE32F32EB}.Debug|Any CPU.Build.0 = Debug|Any CPU
		{2FD2A845-259F-42D6-A74B-6F3BE32F32EB}.Release|Any CPU.ActiveCfg = Release|Any CPU
		{2FD2A845-259F-42D6-A74B-6F3BE32F32EB}.Release|Any CPU.Build.0 = Release|Any CPU
		{D3B7CC19-B016-4268-9B12-AF5389775C5B}.Debug|Any CPU.ActiveCfg = Debug|Any CPU
		{D3B7CC19-B016-4268-9B12-AF5389775C5B}.Debug|Any CPU.Build.0 = Debug|Any CPU
		{D3B7CC19-B016-4268-9B12-AF5389775C5B}.Release|Any CPU.ActiveCfg = Release|Any CPU
		{D3B7CC19-B016-4268-9B12-AF5389775C5B}.Release|Any CPU.Build.0 = Release|Any CPU
		{9314A317-5F2E-411C-A39B-27ABF355597A}.Debug|Any CPU.ActiveCfg = Debug|Any CPU
		{9314A317-5F2E-411C-A39B-27ABF355597A}.Debug|Any CPU.Build.0 = Debug|Any CPU
		{9314A317-5F2E-411C-A39B-27ABF355597A}.Release|Any CPU.ActiveCfg = Release|Any CPU
		{9314A317-5F2E-411C-A39B-27ABF355597A}.Release|Any CPU.Build.0 = Release|Any CPU
		{809AC9BF-003F-4E69-8DE9-E92D45617F13}.Debug|Any CPU.ActiveCfg = Debug|Any CPU
		{809AC9BF-003F-4E69-8DE9-E92D45617F13}.Debug|Any CPU.Build.0 = Debug|Any CPU
		{809AC9BF-003F-4E69-8DE9-E92D45617F13}.Release|Any CPU.ActiveCfg = Release|Any CPU
		{809AC9BF-003F-4E69-8DE9-E92D45617F13}.Release|Any CPU.Build.0 = Release|Any CPU
	EndGlobalSection
	GlobalSection(SolutionProperties) = preSolution
		HideSolutionNode = FALSE
	EndGlobalSection
	GlobalSection(NestedProjects) = preSolution
		{27F6D4CC-DDB5-4FF7-887A-C523098D674D} = {E4D737BA-B105-417B-BBAB-08AE24C33E90}
		{5A35A328-4BA5-4F78-AE9C-4F8F493DB35D} = {FDBCB606-CD7E-4990-B7F1-C761150844D2}
		{2FD2A845-259F-42D6-A74B-6F3BE32F32EB} = {CCB6D94B-910E-4B5D-8A0E-B7D48E8B58A6}
		{4EF040B0-AD58-4353-AEB9-47E7D6865F57} = {5ED7201B-027D-4488-B9A4-CDA5C25FA452}
		{D3B7CC19-B016-4268-9B12-AF5389775C5B} = {4EF040B0-AD58-4353-AEB9-47E7D6865F57}
		{E95E896B-2AA2-48B8-8038-C64E1F0D800E} = {5ED7201B-027D-4488-B9A4-CDA5C25FA452}
		{9314A317-5F2E-411C-A39B-27ABF355597A} = {E95E896B-2AA2-48B8-8038-C64E1F0D800E}
		{809AC9BF-003F-4E69-8DE9-E92D45617F13} = {E95E896B-2AA2-48B8-8038-C64E1F0D800E}
	EndGlobalSection
	GlobalSection(ExtensibilityGlobals) = postSolution
		SolutionGuid = {A17B129E-90B7-44E0-BAE2-1D19D01ABEAA}
	EndGlobalSection
EndGlobal
